<?xml version="1.0" encoding="utf-8"?>
<Project ToolsVersion="4.0" xmlns="http://schemas.microsoft.com/developer/msbuild/2003">
  <ItemGroup>
    <ClCompile Include="main.cpp" />
    <ClCompile Include="Components\CoordinatesComponent.cpp" />
    <ClCompile Include="Components\FontComponent.cpp" />
    <ClCompile Include="Components\TextureAnimationComponent.cpp" />
    <ClCompile Include="Components\TextureComponent.cpp" />
    <ClCompile Include="Components\TimerComponent.cpp" />
    <ClCompile Include="Game\Game.cpp" />
    <ClCompile Include="Game\GameTimer.cpp" />
    <ClCompile Include="Game\Unicorn.cpp" />
    <ClCompile Include="Map\Map.cpp" />
    <ClCompile Include="Map\MapEntity.cpp" />
    <ClCompile Include="Map\Tile.cpp" />
  </ItemGroup>
  <ItemGroup>
    <Filter Include="Source">
      <UniqueIdentifier>{93d31608-a6b1-4b60-86e1-b890dde97aad}</UniqueIdentifier>
    </Filter>
    <Filter Include="Source\Textures">
      <UniqueIdentifier>{d2700947-aeaa-4796-ac23-c8851b7bd35e}</UniqueIdentifier>
    </Filter>
    <Filter Include="Source\Fonts">
      <UniqueIdentifier>{86315234-aa74-48a2-b42b-2ea31909b2ac}</UniqueIdentifier>
    </Filter>
  </ItemGroup>
  <ItemGroup>
    <Image Include="Source\Textures\blockInFormLikeGround.bmp">
      <Filter>Source\Textures</Filter>
    </Image>
    <Image Include="Source\Textures\blockTexture.bmp">
      <Filter>Source\Textures</Filter>
    </Image>
    <Image Include="Source\Textures\dephineSheet.bmp">
      <Filter>Source\Textures</Filter>
    </Image>
    <Image Include="Source\Textures\UnicornDashAnimationSheet.bmp">
      <Filter>Source\Textures</Filter>
    </Image>
    <Image Include="Source\Textures\UnicornFallingAnimationSheet.bmp">
      <Filter>Source\Textures</Filter>
    </Image>
    <Image Include="Source\Textures\UnicornJumpingAnimationSheet.bmp">
      <Filter>Source\Textures</Filter>
    </Image>
    <Image Include="Source\Textures\UnicornRunningAnimationSheet.bmp">
      <Filter>Source\Textures</Filter>
    </Image>
    <Image Include="Source\Textures\unicornSheet.bmp">
      <Filter>Source\Textures</Filter>
    </Image>
    <Image Include="Source\Textures\groundTexture.bmp" />
  </ItemGroup>
  <ItemGroup>
    <Font Include="Source\Fonts\PixelFont.ttf">
      <Filter>Source\Fonts</Filter>
    </Font>
  </ItemGroup>
  <ItemGroup>
    <ClInclude Include="Components\CollisionComponent.h" />
    <ClInclude Include="Components\CoordinatesComponent.h" />
    <ClInclude Include="Components\FontComponent.h" />
    <ClInclude Include="Components\TextureAnimationComponent.h" />
    <ClInclude Include="Components\TextureComponent.h" />
    <ClInclude Include="Components\TimerComponent.h" />
    <ClInclude Include="Game\Game.h" />
    <ClInclude Include="Game\GameTimer.h" />
    <ClInclude Include="Game\Unicorn.h" />
    <ClInclude Include="Map\Map.h" />
    <ClInclude Include="Map\MapEntity.h" />
    <ClInclude Include="Map\Tile.h" />
  </ItemGroup>
</Project>